{
  "nodes": {
    "bearblog": {
      "flake": false,
      "locked": {
        "lastModified": 1706000723,
        "narHash": "sha256-VyWYk06HVJ7E6Io+80mO6qK9U0gRdwUQ8btZ6hBT/Wg=",
        "owner": "janraasch",
        "repo": "hugo-bearblog",
        "rev": "939a4e9e00e18d07ac8e3ba3f314c4e4b9e9f0ba",
        "type": "github"
      },
      "original": {
        "owner": "janraasch",
        "repo": "hugo-bearblog",
        "rev": "939a4e9e00e18d07ac8e3ba3f314c4e4b9e9f0ba",
        "type": "github"
      }
    },
    "flake-utils": {
      "inputs": {
        "systems": "systems"
      },
      "locked": {
        "lastModified": 1731533236,
        "narHash": "sha256-l0KFg5HjrsfsO/JpG+r7fRrqm12kzFHyUHqHCVpMMbI=",
        "owner": "numtide",
        "repo": "flake-utils",
        "rev": "11707dc2f618dd54ca8739b309ec4fc024de578b",
        "type": "github"
      },
      "original": {
        "owner": "numtide",
        "repo": "flake-utils",
        "type": "github"
      }
    },
    "nixpkgs": {
      "locked": {
        "lastModified": 1745930157,
        "narHash": "sha256-y3h3NLnzRSiUkYpnfvnS669zWZLoqqI6NprtLQ+5dck=",
        "owner": "NixOS",
        "repo": "nixpkgs",
        "rev": "46e634be05ce9dc6d4db8e664515ba10b78151ae",
        "type": "github"
      },
      "original": {
        "id": "nixpkgs",
        "ref": "nixos-unstable",
        "type": "indirect"
      }
    },
    "root": {
      "inputs": {
        "bearblog": "bearblog",
        "flake-utils": "flake-utils",
        "nixpkgs": "nixpkgs",
        "treefmt-nix": "treefmt-nix"
      }
    },
    "systems": {
      "locked": {
        "lastModified": 1681028828,
        "narHash": "sha256-Vy1rq5AaRuLzOxct8nz4T6wlgyUR7zLU309k9mBC768=",
        "owner": "nix-systems",
        "repo": "default",
        "rev": "da67096a3b9bf56a91d16901293e51ba5b49a27e",
        "type": "github"
      },
      "original": {
        "owner": "nix-systems",
        "repo": "default",
        "type": "github"
      }
    },
    "treefmt-nix": {
      "inputs": {
        "nixpkgs": [
          "nixpkgs"
        ]
      },
      "locked": {
        "lastModified": 1745929750,
        "narHash": "sha256-k5ELLpTwRP/OElcLpNaFWLNf8GRDq4/eHBmFy06gGko=",
        "owner": "numtide",
        "repo": "treefmt-nix",
        "rev": "82bf32e541b30080d94e46af13d46da0708609ea",
        "type": "github"
      },
      "original": {
        "owner": "numtide",
        "repo": "treefmt-nix",
        "type": "github"
      }
    }
  },
  "root": "root",
  "version": 7
}
